
Microsoft Visual Studio Solution File, Format Version 12.00
# Visual Studio Version 17
VisualStudioVersion = 17.1.32210.238
MinimumVisualStudioVersion = 10.0.40219.1
Project("{FAE04EC0-301F-11D3-BF4B-00C04F79EFBC}") = "ConsoleApp1", "ConsoleApp1\ConsoleApp1.csproj", "{5D49BE1D-5996-4D8D-B84E-86C5F4B0D535}"
EndProject
Global
	GlobalSection(SolutionConfigurationPlatforms) = preSolution
		Debug|Any CPU = Debug|Any CPU
		Release|Any CPU = Release|Any CPU
	EndGlobalSection
	GlobalSection(ProjectConfigurationPlatforms) = postSolution
		{5D49BE1D-5996-4D8D-B84E-86C5F4B0D535}.Debug|Any CPU.ActiveCfg = Debug|Any CPU
		{5D49BE1D-5996-4D8D-B84E-86C5F4B0D535}.Debug|Any CPU.Build.0 = Debug|Any CPU
		{5D49BE1D-5996-4D8D-B84E-86C5F4B0D535}.Release|Any CPU.ActiveCfg = Release|Any CPU
		{5D49BE1D-5996-4D8D-B84E-86C5F4B0D535}.Release|Any CPU.Build.0 = Release|Any CPU
	EndGlobalSection
	GlobalSection(SolutionProperties) = preSolution
		HideSolutionNode = FALSE
	EndGlobalSection
	GlobalSection(ExtensibilityGlobals) = postSolution
		SolutionGuid = {6E094EF0-5302-46B2-95F3-75A38BA15E75}
	EndGlobalSection
EndGlobal
