
Microsoft Visual Studio Solution File, Format Version 12.00
# Visual Studio Version 17
VisualStudioVersion = 17.1.32210.238
MinimumVisualStudioVersion = 10.0.40219.1
Project("{FAE04EC0-301F-11D3-BF4B-00C04F79EFBC}") = "Structs", "Structs\Structs.csproj", "{3DF0F728-7B70-4871-A951-7E50216A7947}"
EndProject
Project("{FAE04EC0-301F-11D3-BF4B-00C04F79EFBC}") = "VehicleTests", "VehicleTests\VehicleTests.csproj", "{DA3F570F-37D9-44F8-9230-3B1D9A531D80}"
EndProject
Global
	GlobalSection(SolutionConfigurationPlatforms) = preSolution
		Debug|Any CPU = Debug|Any CPU
		Release|Any CPU = Release|Any CPU
	EndGlobalSection
	GlobalSection(ProjectConfigurationPlatforms) = postSolution
		{3DF0F728-7B70-4871-A951-7E50216A7947}.Debug|Any CPU.ActiveCfg = Debug|Any CPU
		{3DF0F728-7B70-4871-A951-7E50216A7947}.Debug|Any CPU.Build.0 = Debug|Any CPU
		{3DF0F728-7B70-4871-A951-7E50216A7947}.Release|Any CPU.ActiveCfg = Release|Any CPU
		{3DF0F728-7B70-4871-A951-7E50216A7947}.Release|Any CPU.Build.0 = Release|Any CPU
		{DA3F570F-37D9-44F8-9230-3B1D9A531D80}.Debug|Any CPU.ActiveCfg = Debug|Any CPU
		{DA3F570F-37D9-44F8-9230-3B1D9A531D80}.Debug|Any CPU.Build.0 = Debug|Any CPU
		{DA3F570F-37D9-44F8-9230-3B1D9A531D80}.Release|Any CPU.ActiveCfg = Release|Any CPU
		{DA3F570F-37D9-44F8-9230-3B1D9A531D80}.Release|Any CPU.Build.0 = Release|Any CPU
	EndGlobalSection
	GlobalSection(SolutionProperties) = preSolution
		HideSolutionNode = FALSE
	EndGlobalSection
	GlobalSection(ExtensibilityGlobals) = postSolution
		SolutionGuid = {5DE33E45-AD5D-4FC7-A627-B672382684E0}
	EndGlobalSection
EndGlobal
